
Microsoft Visual Studio Solution File, Format Version 12.00
# Visual Studio Version 16
VisualStudioVersion = 16.0.33214.272
MinimumVisualStudioVersion = 10.0.40219.1
Project("{FAE04EC0-301F-11D3-BF4B-00C04F79EFBC}") = "numbers_system_ver2.0", "numbers_system_ver2.0.csproj", "{A3330CC3-4CBE-4FE2-AD5C-0BF42E6F268E}"
EndProject
Global
	GlobalSection(SolutionConfigurationPlatforms) = preSolution
		Debug|Any CPU = Debug|Any CPU
		Release|Any CPU = Release|Any CPU
	EndGlobalSection
	GlobalSection(ProjectConfigurationPlatforms) = postSolution
		{A3330CC3-4CBE-4FE2-AD5C-0BF42E6F268E}.Debug|Any CPU.ActiveCfg = Debug|Any CPU
		{A3330CC3-4CBE-4FE2-AD5C-0BF42E6F268E}.Debug|Any CPU.Build.0 = Debug|Any CPU
		{A3330CC3-4CBE-4FE2-AD5C-0BF42E6F268E}.Release|Any CPU.ActiveCfg = Release|Any CPU
		{A3330CC3-4CBE-4FE2-AD5C-0BF42E6F268E}.Release|Any CPU.Build.0 = Release|Any CPU
	EndGlobalSection
	GlobalSection(SolutionProperties) = preSolution
		HideSolutionNode = FALSE
	EndGlobalSection
	GlobalSection(ExtensibilityGlobals) = postSolution
		SolutionGuid = {0BB898B6-6AD3-4972-82E4-2D39C88B2FA3}
	EndGlobalSection
EndGlobal
